
Microsoft Visual Studio Solution File, Format Version 12.00
# Visual Studio Version 17
VisualStudioVersion = 17.9.34607.119
MinimumVisualStudioVersion = 10.0.40219.1
Project("{2150E333-8FDC-42A3-9474-1A3956D46DE8}") = "App", "App", "{53176072-5484-49D9-B47D-8C2392C912D7}"
EndProject
Project("{2150E333-8FDC-42A3-9474-1A3956D46DE8}") = "Config", "Config", "{047895B2-3A94-4DE9-85B5-FCD04165C57E}"
EndProject
Project("{FAE04EC0-301F-11D3-BF4B-00C04F79EFBC}") = "WebSocket.SignalRChat", "src\WebSocket.SignalRChat\WebSocket.SignalRChat.csproj", "{F5102CAC-7061-4EE8-871A-EA719E7FA839}"
EndProject
Global
	GlobalSection(SolutionConfigurationPlatforms) = preSolution
		Debug|Any CPU = Debug|Any CPU
		Release|Any CPU = Release|Any CPU
	EndGlobalSection
	GlobalSection(ProjectConfigurationPlatforms) = postSolution
		{F5102CAC-7061-4EE8-871A-EA719E7FA839}.Debug|Any CPU.ActiveCfg = Debug|Any CPU
		{F5102CAC-7061-4EE8-871A-EA719E7FA839}.Debug|Any CPU.Build.0 = Debug|Any CPU
		{F5102CAC-7061-4EE8-871A-EA719E7FA839}.Release|Any CPU.ActiveCfg = Release|Any CPU
		{F5102CAC-7061-4EE8-871A-EA719E7FA839}.Release|Any CPU.Build.0 = Release|Any CPU
	EndGlobalSection
	GlobalSection(SolutionProperties) = preSolution
		HideSolutionNode = FALSE
	EndGlobalSection
	GlobalSection(NestedProjects) = preSolution
		{F5102CAC-7061-4EE8-871A-EA719E7FA839} = {53176072-5484-49D9-B47D-8C2392C912D7}
	EndGlobalSection
	GlobalSection(ExtensibilityGlobals) = postSolution
		SolutionGuid = {C52A5CDA-45C0-4DBC-81E9-B62958660046}
	EndGlobalSection
EndGlobal
